// !$*UTF8*$!
{
	archiveVersion = 1;
	classes = {
	};
	objectVersion = 46;
	objects = {

/* Begin PBXBuildFile section */
		9B731CF31CE5D2FD00A945ED /* AppDelegate.swift in Sources */ = {isa = PBXBuildFile; fileRef = 9B731CF21CE5D2FD00A945ED /* AppDelegate.swift */; };
		9B731CF51CE5D2FD00A945ED /* ViewController.swift in Sources */ = {isa = PBXBuildFile; fileRef = 9B731CF41CE5D2FD00A945ED /* ViewController.swift */; };
		9B731CF81CE5D2FD00A945ED /* Main.storyboard in Resources */ = {isa = PBXBuildFile; fileRef = 9B731CF61CE5D2FD00A945ED /* Main.storyboard */; };
		9B731CFA1CE5D2FD00A945ED /* Assets.xcassets in Resources */ = {isa = PBXBuildFile; fileRef = 9B731CF91CE5D2FD00A945ED /* Assets.xcassets */; };
		9B731CFD1CE5D2FD00A945ED /* LaunchScreen.storyboard in Resources */ = {isa = PBXBuildFile; fileRef = 9B731CFB1CE5D2FD00A945ED /* LaunchScreen.storyboard */; };
		9B731D081CE5D2FE00A945ED /* EarlGreyTestTests.swift in Sources */ = {isa = PBXBuildFile; fileRef = 9B731D071CE5D2FE00A945ED /* EarlGreyTestTests.swift */; };
		9B731D131CE5D2FE00A945ED /* EarlGreyTestUITests.swift in Sources */ = {isa = PBXBuildFile; fileRef = 9B731D121CE5D2FE00A945ED /* EarlGreyTestUITests.swift */; };
/* End PBXBuildFile section */

/* Begin PBXContainerItemProxy section */
		9B731D041CE5D2FE00A945ED /* PBXContainerItemProxy */ = {
			isa = PBXContainerItemProxy;
			containerPortal = 9B731CE71CE5D2FD00A945ED /* Project object */;
			proxyType = 1;
			remoteGlobalIDString = 9B731CEE1CE5D2FD00A945ED;
			remoteInfo = EarlGreyTest;
		};
		9B731D0F1CE5D2FE00A945ED /* PBXContainerItemProxy */ = {
			isa = PBXContainerItemProxy;
			containerPortal = 9B731CE71CE5D2FD00A945ED /* Project object */;
			proxyType = 1;
			remoteGlobalIDString = 9B731CEE1CE5D2FD00A945ED;
			remoteInfo = EarlGreyTest;
		};
/* End PBXContainerItemProxy section */

/* Begin PBXFileReference section */
		9B731CEF1CE5D2FD00A945ED /* EarlGreyTest.app */ = {isa = PBXFileReference; explicitFileType = wrapper.application; includeInIndex = 0; path = EarlGreyTest.app; sourceTree = BUILT_PRODUCTS_DIR; };
		9B731CF21CE5D2FD00A945ED /* AppDelegate.swift */ = {isa = PBXFileReference; lastKnownFileType = sourcecode.swift; path = AppDelegate.swift; sourceTree = "<group>"; };
		9B731CF41CE5D2FD00A945ED /* ViewController.swift */ = {isa = PBXFileReference; lastKnownFileType = sourcecode.swift; path = ViewController.swift; sourceTree = "<group>"; };
		9B731CF71CE5D2FD00A945ED /* Base */ = {isa = PBXFileReference; lastKnownFileType = file.storyboard; name = Base; path = Base.lproj/Main.storyboard; sourceTree = "<group>"; };
		9B731CF91CE5D2FD00A945ED /* Assets.xcassets */ = {isa = PBXFileReference; lastKnownFileType = folder.assetcatalog; path = Assets.xcassets; sourceTree = "<group>"; };
		9B731CFC1CE5D2FD00A945ED /* Base */ = {isa = PBXFileReference; lastKnownFileType = file.storyboard; name = Base; path = Base.lproj/LaunchScreen.storyboard; sourceTree = "<group>"; };
		9B731CFE1CE5D2FD00A945ED /* Info.plist */ = {isa = PBXFileReference; lastKnownFileType = text.plist.xml; path = Info.plist; sourceTree = "<group>"; };
		9B731D031CE5D2FE00A945ED /* EarlGreyTestTests.xctest */ = {isa = PBXFileReference; explicitFileType = wrapper.cfbundle; includeInIndex = 0; path = EarlGreyTestTests.xctest; sourceTree = BUILT_PRODUCTS_DIR; };
		9B731D071CE5D2FE00A945ED /* EarlGreyTestTests.swift */ = {isa = PBXFileReference; lastKnownFileType = sourcecode.swift; path = EarlGreyTestTests.swift; sourceTree = "<group>"; };
		9B731D091CE5D2FE00A945ED /* Info.plist */ = {isa = PBXFileReference; lastKnownFileType = text.plist.xml; path = Info.plist; sourceTree = "<group>"; };
		9B731D0E1CE5D2FE00A945ED /* EarlGreyTestUITests.xctest */ = {isa = PBXFileReference; explicitFileType = wrapper.cfbundle; includeInIndex = 0; path = EarlGreyTestUITests.xctest; sourceTree = BUILT_PRODUCTS_DIR; };
		9B731D121CE5D2FE00A945ED /* EarlGreyTestUITests.swift */ = {isa = PBXFileReference; lastKnownFileType = sourcecode.swift; path = EarlGreyTestUITests.swift; sourceTree = "<group>"; };
		9B731D141CE5D2FE00A945ED /* Info.plist */ = {isa = PBXFileReference; lastKnownFileType = text.plist.xml; path = Info.plist; sourceTree = "<group>"; };
/* End PBXFileReference section */

/* Begin PBXFrameworksBuildPhase section */
		9B731CEC1CE5D2FD00A945ED /* Frameworks */ = {
			isa = PBXFrameworksBuildPhase;
			buildActionMask = 2147483647;
			files = (
			);
			runOnlyForDeploymentPostprocessing = 0;
		};
		9B731D001CE5D2FE00A945ED /* Frameworks */ = {
			isa = PBXFrameworksBuildPhase;
			buildActionMask = 2147483647;
			files = (
			);
			runOnlyForDeploymentPostprocessing = 0;
		};
		9B731D0B1CE5D2FE00A945ED /* Frameworks */ = {
			isa = PBXFrameworksBuildPhase;
			buildActionMask = 2147483647;
			files = (
			);
			runOnlyForDeploymentPostprocessing = 0;
		};
/* End PBXFrameworksBuildPhase section */

/* Begin PBXGroup section */
		9B731CE61CE5D2FD00A945ED = {
			isa = PBXGroup;
			children = (
				9B731CF11CE5D2FD00A945ED /* EarlGreyTest */,
				9B731D061CE5D2FE00A945ED /* EarlGreyTestTests */,
				9B731D111CE5D2FE00A945ED /* EarlGreyTestUITests */,
				9B731CF01CE5D2FD00A945ED /* Products */,
			);
			sourceTree = "<group>";
		};
		9B731CF01CE5D2FD00A945ED /* Products */ = {
			isa = PBXGroup;
			children = (
				9B731CEF1CE5D2FD00A945ED /* EarlGreyTest.app */,
				9B731D031CE5D2FE00A945ED /* EarlGreyTestTests.xctest */,
				9B731D0E1CE5D2FE00A945ED /* EarlGreyTestUITests.xctest */,
			);
			name = Products;
			sourceTree = "<group>";
		};
		9B731CF11CE5D2FD00A945ED /* EarlGreyTest */ = {
			isa = PBXGroup;
			children = (
				9B731CF21CE5D2FD00A945ED /* AppDelegate.swift */,
				9B731CF41CE5D2FD00A945ED /* ViewController.swift */,
				9B731CF61CE5D2FD00A945ED /* Main.storyboard */,
				9B731CF91CE5D2FD00A945ED /* Assets.xcassets */,
				9B731CFB1CE5D2FD00A945ED /* LaunchScreen.storyboard */,
				9B731CFE1CE5D2FD00A945ED /* Info.plist */,
			);
			path = EarlGreyTest;
			sourceTree = "<group>";
		};
		9B731D061CE5D2FE00A945ED /* EarlGreyTestTests */ = {
			isa = PBXGroup;
			children = (
				9B731D071CE5D2FE00A945ED /* EarlGreyTestTests.swift */,
				9B731D091CE5D2FE00A945ED /* Info.plist */,
			);
			path = EarlGreyTestTests;
			sourceTree = "<group>";
		};
		9B731D111CE5D2FE00A945ED /* EarlGreyTestUITests */ = {
			isa = PBXGroup;
			children = (
				9B731D121CE5D2FE00A945ED /* EarlGreyTestUITests.swift */,
				9B731D141CE5D2FE00A945ED /* Info.plist */,
			);
			path = EarlGreyTestUITests;
			sourceTree = "<group>";
		};
/* End PBXGroup section */

/* Begin PBXNativeTarget section */
		9B731CEE1CE5D2FD00A945ED /* EarlGreyTest */ = {
			isa = PBXNativeTarget;
			buildConfigurationList = 9B731D171CE5D2FE00A945ED /* Build configuration list for PBXNativeTarget "EarlGreyTest" */;
			buildPhases = (
				9B731CEB1CE5D2FD00A945ED /* Sources */,
				9B731CEC1CE5D2FD00A945ED /* Frameworks */,
				9B731CED1CE5D2FD00A945ED /* Resources */,
			);
			buildRules = (
			);
			dependencies = (
			);
			name = EarlGreyTest;
			productName = EarlGreyTest;
			productReference = 9B731CEF1CE5D2FD00A945ED /* EarlGreyTest.app */;
			productType = "com.apple.product-type.application";
		};
		9B731D021CE5D2FE00A945ED /* EarlGreyTestTests */ = {
			isa = PBXNativeTarget;
			buildConfigurationList = 9B731D1A1CE5D2FE00A945ED /* Build configuration list for PBXNativeTarget "EarlGreyTestTests" */;
			buildPhases = (
				9B731CFF1CE5D2FE00A945ED /* Sources */,
				9B731D001CE5D2FE00A945ED /* Frameworks */,
				9B731D011CE5D2FE00A945ED /* Resources */,
			);
			buildRules = (
			);
			dependencies = (
				9B731D051CE5D2FE00A945ED /* PBXTargetDependency */,
			);
			name = EarlGreyTestTests;
			productName = EarlGreyTestTests;
			productReference = 9B731D031CE5D2FE00A945ED /* EarlGreyTestTests.xctest */;
			productType = "com.apple.product-type.bundle.unit-test";
		};
		9B731D0D1CE5D2FE00A945ED /* EarlGreyTestUITests */ = {
			isa = PBXNativeTarget;
			buildConfigurationList = 9B731D1D1CE5D2FE00A945ED /* Build configuration list for PBXNativeTarget "EarlGreyTestUITests" */;
			buildPhases = (
				9B731D0A1CE5D2FE00A945ED /* Sources */,
				9B731D0B1CE5D2FE00A945ED /* Frameworks */,
				9B731D0C1CE5D2FE00A945ED /* Resources */,
			);
			buildRules = (
			);
			dependencies = (
				9B731D101CE5D2FE00A945ED /* PBXTargetDependency */,
			);
			name = EarlGreyTestUITests;
			productName = EarlGreyTestUITests;
			productReference = 9B731D0E1CE5D2FE00A945ED /* EarlGreyTestUITests.xctest */;
			productType = "com.apple.product-type.bundle.ui-testing";
		};
/* End PBXNativeTarget section */

/* Begin PBXProject section */
		9B731CE71CE5D2FD00A945ED /* Project object */ = {
			isa = PBXProject;
			attributes = {
				LastSwiftUpdateCheck = 0730;
				LastUpgradeCheck = 0730;
				ORGANIZATIONNAME = Lee;
				TargetAttributes = {
					9B731CEE1CE5D2FD00A945ED = {
						CreatedOnToolsVersion = 7.3.1;
					};
					9B731D021CE5D2FE00A945ED = {
						CreatedOnToolsVersion = 7.3.1;
						TestTargetID = 9B731CEE1CE5D2FD00A945ED;
					};
					9B731D0D1CE5D2FE00A945ED = {
						CreatedOnToolsVersion = 7.3.1;
						TestTargetID = 9B731CEE1CE5D2FD00A945ED;
					};
				};
			};
			buildConfigurationList = 9B731CEA1CE5D2FD00A945ED /* Build configuration list for PBXProject "EarlGreyTest" */;
			compatibilityVersion = "Xcode 3.2";
			developmentRegion = English;
			hasScannedForEncodings = 0;
			knownRegions = (
				en,
				Base,
			);
			mainGroup = 9B731CE61CE5D2FD00A945ED;
			productRefGroup = 9B731CF01CE5D2FD00A945ED /* Products */;
			projectDirPath = "";
			projectRoot = "";
			targets = (
				9B731CEE1CE5D2FD00A945ED /* EarlGreyTest */,
				9B731D021CE5D2FE00A945ED /* EarlGreyTestTests */,
				9B731D0D1CE5D2FE00A945ED /* EarlGreyTestUITests */,
			);
		};
/* End PBXProject section */

/* Begin PBXResourcesBuildPhase section */
		9B731CED1CE5D2FD00A945ED /* Resources */ = {
			isa = PBXResourcesBuildPhase;
			buildActionMask = 2147483647;
			files = (
				9B731CFD1CE5D2FD00A945ED /* LaunchScreen.storyboard in Resources */,
				9B731CFA1CE5D2FD00A945ED /* Assets.xcassets in Resources */,
				9B731CF81CE5D2FD00A945ED /* Main.storyboard in Resources */,
			);
			runOnlyForDeploymentPostprocessing = 0;
		};
		9B731D011CE5D2FE00A945ED /* Resources */ = {
			isa = PBXResourcesBuildPhase;
			buildActionMask = 2147483647;
			files = (
			);
			runOnlyForDeploymentPostprocessing = 0;
		};
		9B731D0C1CE5D2FE00A945ED /* Resources */ = {
			isa = PBXResourcesBuildPhase;
			buildActionMask = 2147483647;
			files = (
			);
			runOnlyForDeploymentPostprocessing = 0;
		};
/* End PBXResourcesBuildPhase section */

/* Begin PBXSourcesBuildPhase section */
		9B731CEB1CE5D2FD00A945ED /* Sources */ = {
			isa = PBXSourcesBuildPhase;
			buildActionMask = 2147483647;
			files = (
				9B731CF51CE5D2FD00A945ED /* ViewController.swift in Sources */,
				9B731CF31CE5D2FD00A945ED /* AppDelegate.swift in Sources */,
			);
			runOnlyForDeploymentPostprocessing = 0;
		};
		9B731CFF1CE5D2FE00A945ED /* Sources */ = {
			isa = PBXSourcesBuildPhase;
			buildActionMask = 2147483647;
			files = (
				9B731D081CE5D2FE00A945ED /* EarlGreyTestTests.swift in Sources */,
			);
			runOnlyForDeploymentPostprocessing = 0;
		};
		9B731D0A1CE5D2FE00A945ED /* Sources */ = {
			isa = PBXSourcesBuildPhase;
			buildActionMask = 2147483647;
			files = (
				9B731D131CE5D2FE00A945ED /* EarlGreyTestUITests.swift in Sources */,
			);
			runOnlyForDeploymentPostprocessing = 0;
		};
/* End PBXSourcesBuildPhase section */

/* Begin PBXTargetDependency section */
		9B731D051CE5D2FE00A945ED /* PBXTargetDependency */ = {
			isa = PBXTargetDependency;
			target = 9B731CEE1CE5D2FD00A945ED /* EarlGreyTest */;
			targetProxy = 9B731D041CE5D2FE00A945ED /* PBXContainerItemProxy */;
		};
		9B731D101CE5D2FE00A945ED /* PBXTargetDependency */ = {
			isa = PBXTargetDependency;
			target = 9B731CEE1CE5D2FD00A945ED /* EarlGreyTest */;
			targetProxy = 9B731D0F1CE5D2FE00A945ED /* PBXContainerItemProxy */;
		};
/* End PBXTargetDependency section */

/* Begin PBXVariantGroup section */
		9B731CF61CE5D2FD00A945ED /* Main.storyboard */ = {
			isa = PBXVariantGroup;
			children = (
				9B731CF71CE5D2FD00A945ED /* Base */,
			);
			name = Main.storyboard;
			sourceTree = "<group>";
		};
		9B731CFB1CE5D2FD00A945ED /* LaunchScreen.storyboard */ = {
			isa = PBXVariantGroup;
			children = (
				9B731CFC1CE5D2FD00A945ED /* Base */,
			);
			name = LaunchScreen.storyboard;
			sourceTree = "<group>";
		};
/* End PBXVariantGroup section */

/* Begin XCBuildConfiguration section */
		9B731D151CE5D2FE00A945ED /* Debug */ = {
			isa = XCBuildConfiguration;
			buildSettings = {
				ALWAYS_SEARCH_USER_PATHS = NO;
				CLANG_ANALYZER_NONNULL = YES;
				CLANG_CXX_LANGUAGE_STANDARD = "gnu++0x";
				CLANG_CXX_LIBRARY = "libc++";
				CLANG_ENABLE_MODULES = YES;
				CLANG_ENABLE_OBJC_ARC = YES;
				CLANG_WARN_BOOL_CONVERSION = YES;
				CLANG_WARN_CONSTANT_CONVERSION = YES;
				CLANG_WARN_DIRECT_OBJC_ISA_USAGE = YES_ERROR;
				CLANG_WARN_EMPTY_BODY = YES;
				CLANG_WARN_ENUM_CONVERSION = YES;
				CLANG_WARN_INT_CONVERSION = YES;
				CLANG_WARN_OBJC_ROOT_CLASS = YES_ERROR;
				CLANG_WARN_UNREACHABLE_CODE = YES;
				CLANG_WARN__DUPLICATE_METHOD_MATCH = YES;
				"CODE_SIGN_IDENTITY[sdk=iphoneos*]" = "iPhone Developer";
				COPY_PHASE_STRIP = NO;
				DEBUG_INFORMATION_FORMAT = dwarf;
				ENABLE_STRICT_OBJC_MSGSEND = YES;
				ENABLE_TESTABILITY = YES;
				GCC_C_LANGUAGE_STANDARD = gnu99;
				GCC_DYNAMIC_NO_PIC = NO;
				GCC_NO_COMMON_BLOCKS = YES;
				GCC_OPTIMIZATION_LEVEL = 0;
				GCC_PREPROCESSOR_DEFINITIONS = (
					"DEBUG=1",
					"$(inherited)",
				);
				GCC_WARN_64_TO_32_BIT_CONVERSION = YES;
				GCC_WARN_ABOUT_RETURN_TYPE = YES_ERROR;
				GCC_WARN_UNDECLARED_SELECTOR = YES;
				GCC_WARN_UNINITIALIZED_AUTOS = YES_AGGRESSIVE;
				GCC_WARN_UNUSED_FUNCTION = YES;
				GCC_WARN_UNUSED_VARIABLE = YES;
				IPHONEOS_DEPLOYMENT_TARGET = 9.3;
				MTL_ENABLE_DEBUG_INFO = YES;
				ONLY_ACTIVE_ARCH = YES;
				SDKROOT = iphoneos;
				SWIFT_OPTIMIZATION_LEVEL = "-Onone";
			};
			name = Debug;
		};
		9B731D161CE5D2FE00A945ED /* Release */ = {
			isa = XCBuildConfiguration;
			buildSettings = {
				ALWAYS_SEARCH_USER_PATHS = NO;
				CLANG_ANALYZER_NONNULL = YES;
				CLANG_CXX_LANGUAGE_STANDARD = "gnu++0x";
				CLANG_CXX_LIBRARY = "libc++";
				CLANG_ENABLE_MODULES = YES;
				CLANG_ENABLE_OBJC_ARC = YES;
				CLANG_WARN_BOOL_CONVERSION = YES;
				CLANG_WARN_CONSTANT_CONVERSION = YES;
				CLANG_WARN_DIRECT_OBJC_ISA_USAGE = YES_ERROR;
				CLANG_WARN_EMPTY_BODY = YES;
				CLANG_WARN_ENUM_CONVERSION = YES;
				CLANG_WARN_INT_CONVERSION = YES;
				CLANG_WARN_OBJC_ROOT_CLASS = YES_ERROR;
				CLANG_WARN_UNREACHABLE_CODE = YES;
				CLANG_WARN__DUPLICATE_METHOD_MATCH = YES;
				"CODE_SIGN_IDENTITY[sdk=iphoneos*]" = "iPhone Developer";
				COPY_PHASE_STRIP = NO;
				DEBUG_INFORMATION_FORMAT = "dwarf-with-dsym";
				ENABLE_NS_ASSERTIONS = NO;
				ENABLE_STRICT_OBJC_MSGSEND = YES;
				GCC_C_LANGUAGE_STANDARD = gnu99;
				GCC_NO_COMMON_BLOCKS = YES;
				GCC_WARN_64_TO_32_BIT_CONVERSION = YES;
				GCC_WARN_ABOUT_RETURN_TYPE = YES_ERROR;
				GCC_WARN_UNDECLARED_SELECTOR = YES;
				GCC_WARN_UNINITIALIZED_AUTOS = YES_AGGRESSIVE;
				GCC_WARN_UNUSED_FUNCTION = YES;
				GCC_WARN_UNUSED_VARIABLE = YES;
				IPHONEOS_DEPLOYMENT_TARGET = 9.3;
				MTL_ENABLE_DEBUG_INFO = NO;
				SDKROOT = iphoneos;
				VALIDATE_PRODUCT = YES;
			};
			name = Release;
		};
		9B731D181CE5D2FE00A945ED /* Debug */ = {
			isa = XCBuildConfiguration;
			buildSettings = {
				ASSETCATALOG_COMPILER_APPICON_NAME = AppIcon;
				INFOPLIST_FILE = EarlGreyTest/Info.plist;
				LD_RUNPATH_SEARCH_PATHS = "$(inherited) @executable_path/Frameworks";
				PRODUCT_BUNDLE_IDENTIFIER = tw.Lee.Jerome.EarlGreyTest;
				PRODUCT_NAME = "$(TARGET_NAME)";
			};
			name = Debug;
		};
		9B731D191CE5D2FE00A945ED /* Release */ = {
			isa = XCBuildConfiguration;
			buildSettings = {
				ASSETCATALOG_COMPILER_APPICON_NAME = AppIcon;
				INFOPLIST_FILE = EarlGreyTest/Info.plist;
				LD_RUNPATH_SEARCH_PATHS = "$(inherited) @executable_path/Frameworks";
				PRODUCT_BUNDLE_IDENTIFIER = tw.Lee.Jerome.EarlGreyTest;
				PRODUCT_NAME = "$(TARGET_NAME)";
			};
			name = Release;
		};
		9B731D1B1CE5D2FE00A945ED /* Debug */ = {
			isa = XCBuildConfiguration;
			buildSettings = {
				BUNDLE_LOADER = "$(TEST_HOST)";
				INFOPLIST_FILE = EarlGreyTestTests/Info.plist;
				LD_RUNPATH_SEARCH_PATHS = "$(inherited) @executable_path/Frameworks @loader_path/Frameworks";
				PRODUCT_BUNDLE_IDENTIFIER = tw.Lee.Jerome.EarlGreyTestTests;
				PRODUCT_NAME = "$(TARGET_NAME)";
				TEST_HOST = "$(BUILT_PRODUCTS_DIR)/EarlGreyTest.app/EarlGreyTest";
			};
			name = Debug;
		};
		9B731D1C1CE5D2FE00A945ED /* Release */ = {
			isa = XCBuildConfiguration;
			buildSettings = {
				BUNDLE_LOADER = "$(TEST_HOST)";
				INFOPLIST_FILE = EarlGreyTestTests/Info.plist;
				LD_RUNPATH_SEARCH_PATHS = "$(inherited) @executable_path/Frameworks @loader_path/Frameworks";
				PRODUCT_BUNDLE_IDENTIFIER = tw.Lee.Jerome.EarlGreyTestTests;
				PRODUCT_NAME = "$(TARGET_NAME)";
				TEST_HOST = "$(BUILT_PRODUCTS_DIR)/EarlGreyTest.app/EarlGreyTest";
			};
			name = Release;
		};
		9B731D1E1CE5D2FE00A945ED /* Debug */ = {
			isa = XCBuildConfiguration;
			buildSettings = {
				INFOPLIST_FILE = EarlGreyTestUITests/Info.plist;
				LD_RUNPATH_SEARCH_PATHS = "$(inherited) @executable_path/Frameworks @loader_path/Frameworks";
				PRODUCT_BUNDLE_IDENTIFIER = tw.Lee.Jerome.EarlGreyTestUITests;
				PRODUCT_NAME = "$(TARGET_NAME)";
				TEST_TARGET_NAME = EarlGreyTest;
			};
			name = Debug;
		};
		9B731D1F1CE5D2FE00A945ED /* Release */ = {
			isa = XCBuildConfiguration;
			buildSettings = {
				INFOPLIST_FILE = EarlGreyTestUITests/Info.plist;
				LD_RUNPATH_SEARCH_PATHS = "$(inherited) @executable_path/Frameworks @loader_path/Frameworks";
				PRODUCT_BUNDLE_IDENTIFIER = tw.Lee.Jerome.EarlGreyTestUITests;
				PRODUCT_NAME = "$(TARGET_NAME)";
				TEST_TARGET_NAME = EarlGreyTest;
			};
			name = Release;
		};
/* End XCBuildConfiguration section */

/* Begin XCConfigurationList section */
		9B731CEA1CE5D2FD00A945ED /* Build configuration list for PBXProject "EarlGreyTest" */ = {
			isa = XCConfigurationList;
			buildConfigurations = (
				9B731D151CE5D2FE00A945ED /* Debug */,
				9B731D161CE5D2FE00A945ED /* Release */,
			);
			defaultConfigurationIsVisible = 0;
			defaultConfigurationName = Release;
		};
		9B731D171CE5D2FE00A945ED /* Build configuration list for PBXNativeTarget "EarlGreyTest" */ = {
			isa = XCConfigurationList;
			buildConfigurations = (
				9B731D181CE5D2FE00A945ED /* Debug */,
				9B731D191CE5D2FE00A945ED /* Release */,
			);
			defaultConfigurationIsVisible = 0;
		};
		9B731D1A1CE5D2FE00A945ED /* Build configuration list for PBXNativeTarget "EarlGreyTestTests" */ = {
			isa = XCConfigurationList;
			buildConfigurations = (
				9B731D1B1CE5D2FE00A945ED /* Debug */,
				9B731D1C1CE5D2FE00A945ED /* Release */,
			);
			defaultConfigurationIsVisible = 0;
		};
		9B731D1D1CE5D2FE00A945ED /* Build configuration list for PBXNativeTarget "EarlGreyTestUITests" */ = {
			isa = XCConfigurationList;
			buildConfigurations = (
				9B731D1E1CE5D2FE00A945ED /* Debug */,
				9B731D1F1CE5D2FE00A945ED /* Release */,
			);
			defaultConfigurationIsVisible = 0;
		};
/* End XCConfigurationList section */
	};
	rootObject = 9B731CE71CE5D2FD00A945ED /* Project object */;
}
